
Microsoft Visual Studio Solution File, Format Version 12.00
# Visual Studio Version 16
VisualStudioVersion = 16.0.31321.278
MinimumVisualStudioVersion = 10.0.40219.1
Project("{FAE04EC0-301F-11D3-BF4B-00C04F79EFBC}") = "Aplication.API", "Aplication.API\Aplication.API.csproj", "{5C816958-E418-4ED6-A038-2C237DDD0110}"
EndProject
Global
	GlobalSection(SolutionConfigurationPlatforms) = preSolution
		Debug|Any CPU = Debug|Any CPU
		Release|Any CPU = Release|Any CPU
	EndGlobalSection
	GlobalSection(ProjectConfigurationPlatforms) = postSolution
		{5C816958-E418-4ED6-A038-2C237DDD0110}.Debug|Any CPU.ActiveCfg = Debug|Any CPU
		{5C816958-E418-4ED6-A038-2C237DDD0110}.Debug|Any CPU.Build.0 = Debug|Any CPU
		{5C816958-E418-4ED6-A038-2C237DDD0110}.Release|Any CPU.ActiveCfg = Release|Any CPU
		{5C816958-E418-4ED6-A038-2C237DDD0110}.Release|Any CPU.Build.0 = Release|Any CPU
	EndGlobalSection
	GlobalSection(SolutionProperties) = preSolution
		HideSolutionNode = FALSE
	EndGlobalSection
	GlobalSection(ExtensibilityGlobals) = postSolution
		SolutionGuid = {CF7BF99E-DA4F-462F-91CA-DBA5C34E49B5}
	EndGlobalSection
EndGlobal
